// !$*UTF8*$!
{
	archiveVersion = 1;
	classes = {
	};
	objectVersion = 50;
	objects = {

/* Begin PBXBuildFile section */
		2E260DA024C5365100BF1113 /* GeneralTableViewController.swift in Sources */ = {isa = PBXBuildFile; fileRef = 2E260D9F24C5365100BF1113 /* GeneralTableViewController.swift */; };
		2E260DA224C5366A00BF1113 /* EquipmentTableViewController.swift in Sources */ = {isa = PBXBuildFile; fileRef = 2E260DA124C5366A00BF1113 /* EquipmentTableViewController.swift */; };
		2E260DA424C5367A00BF1113 /* CarColorTableViewController.swift in Sources */ = {isa = PBXBuildFile; fileRef = 2E260DA324C5367A00BF1113 /* CarColorTableViewController.swift */; };
		2E260DA624C5A77500BF1113 /* UITextField+Extension.swift in Sources */ = {isa = PBXBuildFile; fileRef = 2E260DA524C5A77500BF1113 /* UITextField+Extension.swift */; };
		2E260DA924C5A8E100BF1113 /* Selection.storyboard in Resources */ = {isa = PBXBuildFile; fileRef = 2E260DA824C5A8E100BF1113 /* Selection.storyboard */; };
		2E260DAB24C5A95600BF1113 /* SelectionViewController.swift in Sources */ = {isa = PBXBuildFile; fileRef = 2E260DAA24C5A95600BF1113 /* SelectionViewController.swift */; };
		2E260DAD24C6D50100BF1113 /* MockData.swift in Sources */ = {isa = PBXBuildFile; fileRef = 2E260DAC24C6D50100BF1113 /* MockData.swift */; };
		2E260DAF24D1270F00BF1113 /* UIButton+Extension.swift in Sources */ = {isa = PBXBuildFile; fileRef = 2E260DAE24D1270F00BF1113 /* UIButton+Extension.swift */; };
		2E62717124BEB295003F01C6 /* DocumentViewController.swift in Sources */ = {isa = PBXBuildFile; fileRef = 2E62717024BEB295003F01C6 /* DocumentViewController.swift */; };
		2E62717324BEB772003F01C6 /* IntroduceViewController.swift in Sources */ = {isa = PBXBuildFile; fileRef = 2E62717224BEB772003F01C6 /* IntroduceViewController.swift */; };
		2E62717524BEB7D6003F01C6 /* ContractViewController.swift in Sources */ = {isa = PBXBuildFile; fileRef = 2E62717424BEB7D6003F01C6 /* ContractViewController.swift */; };
		2E62717D24BEFD25003F01C6 /* TabViewSelection.swift in Sources */ = {isa = PBXBuildFile; fileRef = 2E62717B24BEFD25003F01C6 /* TabViewSelection.swift */; };
		2E62717E24BEFD25003F01C6 /* TabViewSelection.xib in Resources */ = {isa = PBXBuildFile; fileRef = 2E62717C24BEFD25003F01C6 /* TabViewSelection.xib */; };
		2E62718124BF08B8003F01C6 /* String+Custom.swift in Sources */ = {isa = PBXBuildFile; fileRef = 2E62718024BF08B8003F01C6 /* String+Custom.swift */; };
		2EE452CE24BDB9D20092CC75 /* AppDelegate.swift in Sources */ = {isa = PBXBuildFile; fileRef = 2EE452CD24BDB9D20092CC75 /* AppDelegate.swift */; };
		2EE452D024BDB9D20092CC75 /* SceneDelegate.swift in Sources */ = {isa = PBXBuildFile; fileRef = 2EE452CF24BDB9D20092CC75 /* SceneDelegate.swift */; };
		2EE452D224BDB9D20092CC75 /* CustomTabBarController.swift in Sources */ = {isa = PBXBuildFile; fileRef = 2EE452D124BDB9D20092CC75 /* CustomTabBarController.swift */; };
		2EE452D524BDB9D20092CC75 /* Main.storyboard in Resources */ = {isa = PBXBuildFile; fileRef = 2EE452D324BDB9D20092CC75 /* Main.storyboard */; };
		2EE452D824BDB9D20092CC75 /* ShiftGate.xcdatamodeld in Sources */ = {isa = PBXBuildFile; fileRef = 2EE452D624BDB9D20092CC75 /* ShiftGate.xcdatamodeld */; };
		2EE452DA24BDB9FE0092CC75 /* Assets.xcassets in Resources */ = {isa = PBXBuildFile; fileRef = 2EE452D924BDB9FE0092CC75 /* Assets.xcassets */; };
		2EE452DD24BDB9FE0092CC75 /* LaunchScreen.storyboard in Resources */ = {isa = PBXBuildFile; fileRef = 2EE452DB24BDB9FE0092CC75 /* LaunchScreen.storyboard */; };
		2EE452E824BDB9FF0092CC75 /* ShiftGateUITests.swift in Sources */ = {isa = PBXBuildFile; fileRef = 2EE452E724BDB9FF0092CC75 /* ShiftGateUITests.swift */; };
		2EE452F324BDBA260092CC75 /* BaseViewController.swift in Sources */ = {isa = PBXBuildFile; fileRef = 2EE452F224BDBA260092CC75 /* BaseViewController.swift */; };
		2EE452F524BDBB140092CC75 /* MenuViewController.swift in Sources */ = {isa = PBXBuildFile; fileRef = 2EE452F424BDBB140092CC75 /* MenuViewController.swift */; };
		2EE452F824BE9E6A0092CC75 /* HomeViewController.swift in Sources */ = {isa = PBXBuildFile; fileRef = 2EE452F724BE9E6A0092CC75 /* HomeViewController.swift */; };
/* End PBXBuildFile section */

/* Begin PBXContainerItemProxy section */
		2EE452E424BDB9FE0092CC75 /* PBXContainerItemProxy */ = {
			isa = PBXContainerItemProxy;
			containerPortal = 2EE452C224BDB9D20092CC75 /* Project object */;
			proxyType = 1;
			remoteGlobalIDString = 2EE452C924BDB9D20092CC75;
			remoteInfo = ShiftGate;
		};
/* End PBXContainerItemProxy section */

/* Begin PBXFileReference section */
		2E260D9F24C5365100BF1113 /* GeneralTableViewController.swift */ = {isa = PBXFileReference; lastKnownFileType = sourcecode.swift; path = GeneralTableViewController.swift; sourceTree = "<group>"; };
		2E260DA124C5366A00BF1113 /* EquipmentTableViewController.swift */ = {isa = PBXFileReference; lastKnownFileType = sourcecode.swift; path = EquipmentTableViewController.swift; sourceTree = "<group>"; };
		2E260DA324C5367A00BF1113 /* CarColorTableViewController.swift */ = {isa = PBXFileReference; lastKnownFileType = sourcecode.swift; path = CarColorTableViewController.swift; sourceTree = "<group>"; };
		2E260DA524C5A77500BF1113 /* UITextField+Extension.swift */ = {isa = PBXFileReference; lastKnownFileType = sourcecode.swift; path = "UITextField+Extension.swift"; sourceTree = "<group>"; };
		2E260DA824C5A8E100BF1113 /* Selection.storyboard */ = {isa = PBXFileReference; lastKnownFileType = file.storyboard; path = Selection.storyboard; sourceTree = "<group>"; };
		2E260DAA24C5A95600BF1113 /* SelectionViewController.swift */ = {isa = PBXFileReference; lastKnownFileType = sourcecode.swift; path = SelectionViewController.swift; sourceTree = "<group>"; };
		2E260DAC24C6D50100BF1113 /* MockData.swift */ = {isa = PBXFileReference; lastKnownFileType = sourcecode.swift; path = MockData.swift; sourceTree = "<group>"; };
		2E260DAE24D1270F00BF1113 /* UIButton+Extension.swift */ = {isa = PBXFileReference; lastKnownFileType = sourcecode.swift; path = "UIButton+Extension.swift"; sourceTree = "<group>"; };
		2E62717024BEB295003F01C6 /* DocumentViewController.swift */ = {isa = PBXFileReference; lastKnownFileType = sourcecode.swift; path = DocumentViewController.swift; sourceTree = "<group>"; };
		2E62717224BEB772003F01C6 /* IntroduceViewController.swift */ = {isa = PBXFileReference; lastKnownFileType = sourcecode.swift; path = IntroduceViewController.swift; sourceTree = "<group>"; };
		2E62717424BEB7D6003F01C6 /* ContractViewController.swift */ = {isa = PBXFileReference; lastKnownFileType = sourcecode.swift; path = ContractViewController.swift; sourceTree = "<group>"; };
		2E62717B24BEFD25003F01C6 /* TabViewSelection.swift */ = {isa = PBXFileReference; lastKnownFileType = sourcecode.swift; path = TabViewSelection.swift; sourceTree = "<group>"; };
		2E62717C24BEFD25003F01C6 /* TabViewSelection.xib */ = {isa = PBXFileReference; lastKnownFileType = file.xib; path = TabViewSelection.xib; sourceTree = "<group>"; };
		2E62718024BF08B8003F01C6 /* String+Custom.swift */ = {isa = PBXFileReference; fileEncoding = 4; lastKnownFileType = sourcecode.swift; path = "String+Custom.swift"; sourceTree = "<group>"; };
		2EE452CA24BDB9D20092CC75 /* ShiftGate.app */ = {isa = PBXFileReference; explicitFileType = wrapper.application; includeInIndex = 0; path = ShiftGate.app; sourceTree = BUILT_PRODUCTS_DIR; };
		2EE452CD24BDB9D20092CC75 /* AppDelegate.swift */ = {isa = PBXFileReference; lastKnownFileType = sourcecode.swift; path = AppDelegate.swift; sourceTree = "<group>"; };
		2EE452CF24BDB9D20092CC75 /* SceneDelegate.swift */ = {isa = PBXFileReference; lastKnownFileType = sourcecode.swift; path = SceneDelegate.swift; sourceTree = "<group>"; };
		2EE452D124BDB9D20092CC75 /* CustomTabBarController.swift */ = {isa = PBXFileReference; lastKnownFileType = sourcecode.swift; path = CustomTabBarController.swift; sourceTree = "<group>"; };
		2EE452D424BDB9D20092CC75 /* Base */ = {isa = PBXFileReference; lastKnownFileType = file.storyboard; name = Base; path = Base.lproj/Main.storyboard; sourceTree = "<group>"; };
		2EE452D724BDB9D20092CC75 /* ShiftGate.xcdatamodel */ = {isa = PBXFileReference; lastKnownFileType = wrapper.xcdatamodel; path = ShiftGate.xcdatamodel; sourceTree = "<group>"; };
		2EE452D924BDB9FE0092CC75 /* Assets.xcassets */ = {isa = PBXFileReference; lastKnownFileType = folder.assetcatalog; path = Assets.xcassets; sourceTree = "<group>"; };
		2EE452DC24BDB9FE0092CC75 /* Base */ = {isa = PBXFileReference; lastKnownFileType = file.storyboard; name = Base; path = Base.lproj/LaunchScreen.storyboard; sourceTree = "<group>"; };
		2EE452DE24BDB9FE0092CC75 /* Info.plist */ = {isa = PBXFileReference; lastKnownFileType = text.plist.xml; path = Info.plist; sourceTree = "<group>"; };
		2EE452E324BDB9FE0092CC75 /* ShiftGateUITests.xctest */ = {isa = PBXFileReference; explicitFileType = wrapper.cfbundle; includeInIndex = 0; path = ShiftGateUITests.xctest; sourceTree = BUILT_PRODUCTS_DIR; };
		2EE452E724BDB9FF0092CC75 /* ShiftGateUITests.swift */ = {isa = PBXFileReference; lastKnownFileType = sourcecode.swift; path = ShiftGateUITests.swift; sourceTree = "<group>"; };
		2EE452E924BDB9FF0092CC75 /* Info.plist */ = {isa = PBXFileReference; lastKnownFileType = text.plist.xml; path = Info.plist; sourceTree = "<group>"; };
		2EE452F224BDBA260092CC75 /* BaseViewController.swift */ = {isa = PBXFileReference; fileEncoding = 4; lastKnownFileType = sourcecode.swift; path = BaseViewController.swift; sourceTree = "<group>"; };
		2EE452F424BDBB140092CC75 /* MenuViewController.swift */ = {isa = PBXFileReference; lastKnownFileType = sourcecode.swift; path = MenuViewController.swift; sourceTree = "<group>"; };
		2EE452F724BE9E6A0092CC75 /* HomeViewController.swift */ = {isa = PBXFileReference; lastKnownFileType = sourcecode.swift; path = HomeViewController.swift; sourceTree = "<group>"; };
/* End PBXFileReference section */

/* Begin PBXFrameworksBuildPhase section */
		2EE452C724BDB9D20092CC75 /* Frameworks */ = {
			isa = PBXFrameworksBuildPhase;
			buildActionMask = 2147483647;
			files = (
			);
			runOnlyForDeploymentPostprocessing = 0;
		};
		2EE452E024BDB9FE0092CC75 /* Frameworks */ = {
			isa = PBXFrameworksBuildPhase;
			buildActionMask = 2147483647;
			files = (
			);
			runOnlyForDeploymentPostprocessing = 0;
		};
/* End PBXFrameworksBuildPhase section */

/* Begin PBXGroup section */
		2E260DA724C5A8B200BF1113 /* SelectionViewController */ = {
			isa = PBXGroup;
			children = (
				2E260DA824C5A8E100BF1113 /* Selection.storyboard */,
				2E260DAA24C5A95600BF1113 /* SelectionViewController.swift */,
			);
			path = SelectionViewController;
			sourceTree = "<group>";
		};
		2E62717F24BF08A3003F01C6 /* Extension */ = {
			isa = PBXGroup;
			children = (
				2E62718024BF08B8003F01C6 /* String+Custom.swift */,
				2E260DA524C5A77500BF1113 /* UITextField+Extension.swift */,
				2E260DAE24D1270F00BF1113 /* UIButton+Extension.swift */,
			);
			path = Extension;
			sourceTree = "<group>";
		};
		2E62718724BFFA32003F01C6 /* MenuViewController */ = {
			isa = PBXGroup;
			children = (
				2EE452F724BE9E6A0092CC75 /* HomeViewController.swift */,
				2EE452F424BDBB140092CC75 /* MenuViewController.swift */,
				2E62717424BEB7D6003F01C6 /* ContractViewController.swift */,
				2E62717224BEB772003F01C6 /* IntroduceViewController.swift */,
				2E62717024BEB295003F01C6 /* DocumentViewController.swift */,
			);
			path = MenuViewController;
			sourceTree = "<group>";
		};
		2E62718824BFFF75003F01C6 /* CustomTabBarController */ = {
			isa = PBXGroup;
			children = (
				2E62717B24BEFD25003F01C6 /* TabViewSelection.swift */,
				2E62717C24BEFD25003F01C6 /* TabViewSelection.xib */,
				2EE452D124BDB9D20092CC75 /* CustomTabBarController.swift */,
				2EE452F224BDBA260092CC75 /* BaseViewController.swift */,
			);
			path = CustomTabBarController;
			sourceTree = "<group>";
		};
		2E62718924C0032E003F01C6 /* AppDelegate */ = {
			isa = PBXGroup;
			children = (
				2EE452CD24BDB9D20092CC75 /* AppDelegate.swift */,
				2EE452CF24BDB9D20092CC75 /* SceneDelegate.swift */,
			);
			path = AppDelegate;
			sourceTree = "<group>";
		};
		2E62719824C14FF0003F01C6 /* CarInformation */ = {
			isa = PBXGroup;
			children = (
				2E62719B24C1506C003F01C6 /* View */,
				2E62719924C14FFC003F01C6 /* Presenter */,
			);
			path = CarInformation;
			sourceTree = "<group>";
		};
		2E62719924C14FFC003F01C6 /* Presenter */ = {
			isa = PBXGroup;
			children = (
			);
			path = Presenter;
			sourceTree = "<group>";
		};
		2E62719B24C1506C003F01C6 /* View */ = {
			isa = PBXGroup;
			children = (
				2E62719C24C15071003F01C6 /* SubView */,
			);
			path = View;
			sourceTree = "<group>";
		};
		2E62719C24C15071003F01C6 /* SubView */ = {
			isa = PBXGroup;
			children = (
				2E260D9F24C5365100BF1113 /* GeneralTableViewController.swift */,
				2E260DA124C5366A00BF1113 /* EquipmentTableViewController.swift */,
				2E260DA324C5367A00BF1113 /* CarColorTableViewController.swift */,
			);
			path = SubView;
			sourceTree = "<group>";
		};
		2EE452C124BDB9D20092CC75 = {
			isa = PBXGroup;
			children = (
				2EE452CC24BDB9D20092CC75 /* ShiftGate */,
				2EE452E624BDB9FF0092CC75 /* ShiftGateUITests */,
				2EE452CB24BDB9D20092CC75 /* Products */,
			);
			sourceTree = "<group>";
		};
		2EE452CB24BDB9D20092CC75 /* Products */ = {
			isa = PBXGroup;
			children = (
				2EE452CA24BDB9D20092CC75 /* ShiftGate.app */,
				2EE452E324BDB9FE0092CC75 /* ShiftGateUITests.xctest */,
			);
			name = Products;
			sourceTree = "<group>";
		};
		2EE452CC24BDB9D20092CC75 /* ShiftGate */ = {
			isa = PBXGroup;
			children = (
				2E260DA724C5A8B200BF1113 /* SelectionViewController */,
				2E62719824C14FF0003F01C6 /* CarInformation */,
				2E62718924C0032E003F01C6 /* AppDelegate */,
				2E62718824BFFF75003F01C6 /* CustomTabBarController */,
				2E62718724BFFA32003F01C6 /* MenuViewController */,
				2E62717F24BF08A3003F01C6 /* Extension */,
				2EE452D324BDB9D20092CC75 /* Main.storyboard */,
				2EE452D924BDB9FE0092CC75 /* Assets.xcassets */,
				2EE452DB24BDB9FE0092CC75 /* LaunchScreen.storyboard */,
				2EE452DE24BDB9FE0092CC75 /* Info.plist */,
				2EE452D624BDB9D20092CC75 /* ShiftGate.xcdatamodeld */,
				2E260DAC24C6D50100BF1113 /* MockData.swift */,
			);
			path = ShiftGate;
			sourceTree = "<group>";
		};
		2EE452E624BDB9FF0092CC75 /* ShiftGateUITests */ = {
			isa = PBXGroup;
			children = (
				2EE452E724BDB9FF0092CC75 /* ShiftGateUITests.swift */,
				2EE452E924BDB9FF0092CC75 /* Info.plist */,
			);
			path = ShiftGateUITests;
			sourceTree = "<group>";
		};
/* End PBXGroup section */

/* Begin PBXNativeTarget section */
		2EE452C924BDB9D20092CC75 /* ShiftGate */ = {
			isa = PBXNativeTarget;
			buildConfigurationList = 2EE452EC24BDB9FF0092CC75 /* Build configuration list for PBXNativeTarget "ShiftGate" */;
			buildPhases = (
				2EE452C624BDB9D20092CC75 /* Sources */,
				2EE452C724BDB9D20092CC75 /* Frameworks */,
				2EE452C824BDB9D20092CC75 /* Resources */,
			);
			buildRules = (
			);
			dependencies = (
			);
			name = ShiftGate;
			productName = ShiftGate;
			productReference = 2EE452CA24BDB9D20092CC75 /* ShiftGate.app */;
			productType = "com.apple.product-type.application";
		};
		2EE452E224BDB9FE0092CC75 /* ShiftGateUITests */ = {
			isa = PBXNativeTarget;
			buildConfigurationList = 2EE452EF24BDB9FF0092CC75 /* Build configuration list for PBXNativeTarget "ShiftGateUITests" */;
			buildPhases = (
				2EE452DF24BDB9FE0092CC75 /* Sources */,
				2EE452E024BDB9FE0092CC75 /* Frameworks */,
				2EE452E124BDB9FE0092CC75 /* Resources */,
			);
			buildRules = (
			);
			dependencies = (
				2EE452E524BDB9FE0092CC75 /* PBXTargetDependency */,
			);
			name = ShiftGateUITests;
			productName = ShiftGateUITests;
			productReference = 2EE452E324BDB9FE0092CC75 /* ShiftGateUITests.xctest */;
			productType = "com.apple.product-type.bundle.ui-testing";
		};
/* End PBXNativeTarget section */

/* Begin PBXProject section */
		2EE452C224BDB9D20092CC75 /* Project object */ = {
			isa = PBXProject;
			attributes = {
				LastSwiftUpdateCheck = 1140;
				LastUpgradeCheck = 1140;
				ORGANIZATIONNAME = Paxcreation;
				TargetAttributes = {
					2EE452C924BDB9D20092CC75 = {
						CreatedOnToolsVersion = 11.4;
					};
					2EE452E224BDB9FE0092CC75 = {
						CreatedOnToolsVersion = 11.4;
						TestTargetID = 2EE452C924BDB9D20092CC75;
					};
				};
			};
			buildConfigurationList = 2EE452C524BDB9D20092CC75 /* Build configuration list for PBXProject "ShiftGate" */;
			compatibilityVersion = "Xcode 9.3";
			developmentRegion = en;
			hasScannedForEncodings = 0;
			knownRegions = (
				en,
				Base,
			);
			mainGroup = 2EE452C124BDB9D20092CC75;
			productRefGroup = 2EE452CB24BDB9D20092CC75 /* Products */;
			projectDirPath = "";
			projectRoot = "";
			targets = (
				2EE452C924BDB9D20092CC75 /* ShiftGate */,
				2EE452E224BDB9FE0092CC75 /* ShiftGateUITests */,
			);
		};
/* End PBXProject section */

/* Begin PBXResourcesBuildPhase section */
		2EE452C824BDB9D20092CC75 /* Resources */ = {
			isa = PBXResourcesBuildPhase;
			buildActionMask = 2147483647;
			files = (
				2EE452DD24BDB9FE0092CC75 /* LaunchScreen.storyboard in Resources */,
				2E62717E24BEFD25003F01C6 /* TabViewSelection.xib in Resources */,
				2E260DA924C5A8E100BF1113 /* Selection.storyboard in Resources */,
				2EE452DA24BDB9FE0092CC75 /* Assets.xcassets in Resources */,
				2EE452D524BDB9D20092CC75 /* Main.storyboard in Resources */,
			);
			runOnlyForDeploymentPostprocessing = 0;
		};
		2EE452E124BDB9FE0092CC75 /* Resources */ = {
			isa = PBXResourcesBuildPhase;
			buildActionMask = 2147483647;
			files = (
			);
			runOnlyForDeploymentPostprocessing = 0;
		};
/* End PBXResourcesBuildPhase section */

/* Begin PBXSourcesBuildPhase section */
		2EE452C624BDB9D20092CC75 /* Sources */ = {
			isa = PBXSourcesBuildPhase;
			buildActionMask = 2147483647;
			files = (
				2E260DA424C5367A00BF1113 /* CarColorTableViewController.swift in Sources */,
				2EE452F324BDBA260092CC75 /* BaseViewController.swift in Sources */,
				2EE452F524BDBB140092CC75 /* MenuViewController.swift in Sources */,
				2EE452D224BDB9D20092CC75 /* CustomTabBarController.swift in Sources */,
				2E260DAF24D1270F00BF1113 /* UIButton+Extension.swift in Sources */,
				2E62717D24BEFD25003F01C6 /* TabViewSelection.swift in Sources */,
				2E260DA624C5A77500BF1113 /* UITextField+Extension.swift in Sources */,
				2E260DA224C5366A00BF1113 /* EquipmentTableViewController.swift in Sources */,
				2EE452D824BDB9D20092CC75 /* ShiftGate.xcdatamodeld in Sources */,
				2E260DAB24C5A95600BF1113 /* SelectionViewController.swift in Sources */,
				2EE452CE24BDB9D20092CC75 /* AppDelegate.swift in Sources */,
				2E62717124BEB295003F01C6 /* DocumentViewController.swift in Sources */,
				2E62718124BF08B8003F01C6 /* String+Custom.swift in Sources */,
				2E62717324BEB772003F01C6 /* IntroduceViewController.swift in Sources */,
				2E260DAD24C6D50100BF1113 /* MockData.swift in Sources */,
				2EE452F824BE9E6A0092CC75 /* HomeViewController.swift in Sources */,
				2E62717524BEB7D6003F01C6 /* ContractViewController.swift in Sources */,
				2EE452D024BDB9D20092CC75 /* SceneDelegate.swift in Sources */,
				2E260DA024C5365100BF1113 /* GeneralTableViewController.swift in Sources */,
			);
			runOnlyForDeploymentPostprocessing = 0;
		};
		2EE452DF24BDB9FE0092CC75 /* Sources */ = {
			isa = PBXSourcesBuildPhase;
			buildActionMask = 2147483647;
			files = (
				2EE452E824BDB9FF0092CC75 /* ShiftGateUITests.swift in Sources */,
			);
			runOnlyForDeploymentPostprocessing = 0;
		};
/* End PBXSourcesBuildPhase section */

/* Begin PBXTargetDependency section */
		2EE452E524BDB9FE0092CC75 /* PBXTargetDependency */ = {
			isa = PBXTargetDependency;
			target = 2EE452C924BDB9D20092CC75 /* ShiftGate */;
			targetProxy = 2EE452E424BDB9FE0092CC75 /* PBXContainerItemProxy */;
		};
/* End PBXTargetDependency section */

/* Begin PBXVariantGroup section */
		2EE452D324BDB9D20092CC75 /* Main.storyboard */ = {
			isa = PBXVariantGroup;
			children = (
				2EE452D424BDB9D20092CC75 /* Base */,
			);
			name = Main.storyboard;
			sourceTree = "<group>";
		};
		2EE452DB24BDB9FE0092CC75 /* LaunchScreen.storyboard */ = {
			isa = PBXVariantGroup;
			children = (
				2EE452DC24BDB9FE0092CC75 /* Base */,
			);
			name = LaunchScreen.storyboard;
			sourceTree = "<group>";
		};
/* End PBXVariantGroup section */

/* Begin XCBuildConfiguration section */
		2EE452EA24BDB9FF0092CC75 /* Debug */ = {
			isa = XCBuildConfiguration;
			buildSettings = {
				ALWAYS_SEARCH_USER_PATHS = NO;
				CLANG_ANALYZER_NONNULL = YES;
				CLANG_ANALYZER_NUMBER_OBJECT_CONVERSION = YES_AGGRESSIVE;
				CLANG_CXX_LANGUAGE_STANDARD = "gnu++14";
				CLANG_CXX_LIBRARY = "libc++";
				CLANG_ENABLE_MODULES = YES;
				CLANG_ENABLE_OBJC_ARC = YES;
				CLANG_ENABLE_OBJC_WEAK = YES;
				CLANG_WARN_BLOCK_CAPTURE_AUTORELEASING = YES;
				CLANG_WARN_BOOL_CONVERSION = YES;
				CLANG_WARN_COMMA = YES;
				CLANG_WARN_CONSTANT_CONVERSION = YES;
				CLANG_WARN_DEPRECATED_OBJC_IMPLEMENTATIONS = YES;
				CLANG_WARN_DIRECT_OBJC_ISA_USAGE = YES_ERROR;
				CLANG_WARN_DOCUMENTATION_COMMENTS = YES;
				CLANG_WARN_EMPTY_BODY = YES;
				CLANG_WARN_ENUM_CONVERSION = YES;
				CLANG_WARN_INFINITE_RECURSION = YES;
				CLANG_WARN_INT_CONVERSION = YES;
				CLANG_WARN_NON_LITERAL_NULL_CONVERSION = YES;
				CLANG_WARN_OBJC_IMPLICIT_RETAIN_SELF = YES;
				CLANG_WARN_OBJC_LITERAL_CONVERSION = YES;
				CLANG_WARN_OBJC_ROOT_CLASS = YES_ERROR;
				CLANG_WARN_RANGE_LOOP_ANALYSIS = YES;
				CLANG_WARN_STRICT_PROTOTYPES = YES;
				CLANG_WARN_SUSPICIOUS_MOVE = YES;
				CLANG_WARN_UNGUARDED_AVAILABILITY = YES_AGGRESSIVE;
				CLANG_WARN_UNREACHABLE_CODE = YES;
				CLANG_WARN__DUPLICATE_METHOD_MATCH = YES;
				COPY_PHASE_STRIP = NO;
				DEBUG_INFORMATION_FORMAT = dwarf;
				ENABLE_STRICT_OBJC_MSGSEND = YES;
				ENABLE_TESTABILITY = YES;
				GCC_C_LANGUAGE_STANDARD = gnu11;
				GCC_DYNAMIC_NO_PIC = NO;
				GCC_NO_COMMON_BLOCKS = YES;
				GCC_OPTIMIZATION_LEVEL = 0;
				GCC_PREPROCESSOR_DEFINITIONS = (
					"DEBUG=1",
					"$(inherited)",
				);
				GCC_WARN_64_TO_32_BIT_CONVERSION = YES;
				GCC_WARN_ABOUT_RETURN_TYPE = YES_ERROR;
				GCC_WARN_UNDECLARED_SELECTOR = YES;
				GCC_WARN_UNINITIALIZED_AUTOS = YES_AGGRESSIVE;
				GCC_WARN_UNUSED_FUNCTION = YES;
				GCC_WARN_UNUSED_VARIABLE = YES;
				IPHONEOS_DEPLOYMENT_TARGET = 13.4;
				MTL_ENABLE_DEBUG_INFO = INCLUDE_SOURCE;
				MTL_FAST_MATH = YES;
				ONLY_ACTIVE_ARCH = YES;
				SDKROOT = iphoneos;
				SWIFT_ACTIVE_COMPILATION_CONDITIONS = DEBUG;
				SWIFT_OPTIMIZATION_LEVEL = "-Onone";
			};
			name = Debug;
		};
		2EE452EB24BDB9FF0092CC75 /* Release */ = {
			isa = XCBuildConfiguration;
			buildSettings = {
				ALWAYS_SEARCH_USER_PATHS = NO;
				CLANG_ANALYZER_NONNULL = YES;
				CLANG_ANALYZER_NUMBER_OBJECT_CONVERSION = YES_AGGRESSIVE;
				CLANG_CXX_LANGUAGE_STANDARD = "gnu++14";
				CLANG_CXX_LIBRARY = "libc++";
				CLANG_ENABLE_MODULES = YES;
				CLANG_ENABLE_OBJC_ARC = YES;
				CLANG_ENABLE_OBJC_WEAK = YES;
				CLANG_WARN_BLOCK_CAPTURE_AUTORELEASING = YES;
				CLANG_WARN_BOOL_CONVERSION = YES;
				CLANG_WARN_COMMA = YES;
				CLANG_WARN_CONSTANT_CONVERSION = YES;
				CLANG_WARN_DEPRECATED_OBJC_IMPLEMENTATIONS = YES;
				CLANG_WARN_DIRECT_OBJC_ISA_USAGE = YES_ERROR;
				CLANG_WARN_DOCUMENTATION_COMMENTS = YES;
				CLANG_WARN_EMPTY_BODY = YES;
				CLANG_WARN_ENUM_CONVERSION = YES;
				CLANG_WARN_INFINITE_RECURSION = YES;
				CLANG_WARN_INT_CONVERSION = YES;
				CLANG_WARN_NON_LITERAL_NULL_CONVERSION = YES;
				CLANG_WARN_OBJC_IMPLICIT_RETAIN_SELF = YES;
				CLANG_WARN_OBJC_LITERAL_CONVERSION = YES;
				CLANG_WARN_OBJC_ROOT_CLASS = YES_ERROR;
				CLANG_WARN_RANGE_LOOP_ANALYSIS = YES;
				CLANG_WARN_STRICT_PROTOTYPES = YES;
				CLANG_WARN_SUSPICIOUS_MOVE = YES;
				CLANG_WARN_UNGUARDED_AVAILABILITY = YES_AGGRESSIVE;
				CLANG_WARN_UNREACHABLE_CODE = YES;
				CLANG_WARN__DUPLICATE_METHOD_MATCH = YES;
				COPY_PHASE_STRIP = NO;
				DEBUG_INFORMATION_FORMAT = "dwarf-with-dsym";
				ENABLE_NS_ASSERTIONS = NO;
				ENABLE_STRICT_OBJC_MSGSEND = YES;
				GCC_C_LANGUAGE_STANDARD = gnu11;
				GCC_NO_COMMON_BLOCKS = YES;
				GCC_WARN_64_TO_32_BIT_CONVERSION = YES;
				GCC_WARN_ABOUT_RETURN_TYPE = YES_ERROR;
				GCC_WARN_UNDECLARED_SELECTOR = YES;
				GCC_WARN_UNINITIALIZED_AUTOS = YES_AGGRESSIVE;
				GCC_WARN_UNUSED_FUNCTION = YES;
				GCC_WARN_UNUSED_VARIABLE = YES;
				IPHONEOS_DEPLOYMENT_TARGET = 13.4;
				MTL_ENABLE_DEBUG_INFO = NO;
				MTL_FAST_MATH = YES;
				SDKROOT = iphoneos;
				SWIFT_COMPILATION_MODE = wholemodule;
				SWIFT_OPTIMIZATION_LEVEL = "-O";
				VALIDATE_PRODUCT = YES;
			};
			name = Release;
		};
		2EE452ED24BDB9FF0092CC75 /* Debug */ = {
			isa = XCBuildConfiguration;
			buildSettings = {
				ASSETCATALOG_COMPILER_APPICON_NAME = AppIcon;
				CODE_SIGN_IDENTITY = "iPhone Developer";
				CODE_SIGN_STYLE = Manual;
				DEVELOPMENT_TEAM = YFR9K345D8;
				INFOPLIST_FILE = ShiftGate/Info.plist;
				LD_RUNPATH_SEARCH_PATHS = (
					"$(inherited)",
					"@executable_path/Frameworks",
				);
				PRODUCT_BUNDLE_IDENTIFIER = com.paxcreation.testshiftgate;
				PRODUCT_NAME = "$(TARGET_NAME)";
				PROVISIONING_PROFILE_SPECIFIER = "ShiftGate Test";
				SWIFT_VERSION = 5.0;
				TARGETED_DEVICE_FAMILY = "1,2";
			};
			name = Debug;
		};
		2EE452EE24BDB9FF0092CC75 /* Release */ = {
			isa = XCBuildConfiguration;
			buildSettings = {
				ASSETCATALOG_COMPILER_APPICON_NAME = AppIcon;
				CODE_SIGN_IDENTITY = "iPhone Developer";
				CODE_SIGN_STYLE = Manual;
				DEVELOPMENT_TEAM = YFR9K345D8;
				INFOPLIST_FILE = ShiftGate/Info.plist;
				LD_RUNPATH_SEARCH_PATHS = (
					"$(inherited)",
					"@executable_path/Frameworks",
				);
				PRODUCT_BUNDLE_IDENTIFIER = com.paxcreation.testshiftgate;
				PRODUCT_NAME = "$(TARGET_NAME)";
				PROVISIONING_PROFILE_SPECIFIER = "ShiftGate Test";
				SWIFT_VERSION = 5.0;
				TARGETED_DEVICE_FAMILY = "1,2";
			};
			name = Release;
		};
		2EE452F024BDB9FF0092CC75 /* Debug */ = {
			isa = XCBuildConfiguration;
			buildSettings = {
				ALWAYS_EMBED_SWIFT_STANDARD_LIBRARIES = YES;
				CODE_SIGN_STYLE = Automatic;
				DEVELOPMENT_TEAM = T5L8E276SH;
				INFOPLIST_FILE = ShiftGateUITests/Info.plist;
				LD_RUNPATH_SEARCH_PATHS = (
					"$(inherited)",
					"@executable_path/Frameworks",
					"@loader_path/Frameworks",
				);
				PRODUCT_BUNDLE_IDENTIFIER = test.ShiftGateUITests;
				PRODUCT_NAME = "$(TARGET_NAME)";
				SWIFT_VERSION = 5.0;
				TARGETED_DEVICE_FAMILY = "1,2";
				TEST_TARGET_NAME = ShiftGate;
			};
			name = Debug;
		};
		2EE452F124BDB9FF0092CC75 /* Release */ = {
			isa = XCBuildConfiguration;
			buildSettings = {
				ALWAYS_EMBED_SWIFT_STANDARD_LIBRARIES = YES;
				CODE_SIGN_STYLE = Automatic;
				DEVELOPMENT_TEAM = T5L8E276SH;
				INFOPLIST_FILE = ShiftGateUITests/Info.plist;
				LD_RUNPATH_SEARCH_PATHS = (
					"$(inherited)",
					"@executable_path/Frameworks",
					"@loader_path/Frameworks",
				);
				PRODUCT_BUNDLE_IDENTIFIER = test.ShiftGateUITests;
				PRODUCT_NAME = "$(TARGET_NAME)";
				SWIFT_VERSION = 5.0;
				TARGETED_DEVICE_FAMILY = "1,2";
				TEST_TARGET_NAME = ShiftGate;
			};
			name = Release;
		};
/* End XCBuildConfiguration section */

/* Begin XCConfigurationList section */
		2EE452C524BDB9D20092CC75 /* Build configuration list for PBXProject "ShiftGate" */ = {
			isa = XCConfigurationList;
			buildConfigurations = (
				2EE452EA24BDB9FF0092CC75 /* Debug */,
				2EE452EB24BDB9FF0092CC75 /* Release */,
			);
			defaultConfigurationIsVisible = 0;
			defaultConfigurationName = Release;
		};
		2EE452EC24BDB9FF0092CC75 /* Build configuration list for PBXNativeTarget "ShiftGate" */ = {
			isa = XCConfigurationList;
			buildConfigurations = (
				2EE452ED24BDB9FF0092CC75 /* Debug */,
				2EE452EE24BDB9FF0092CC75 /* Release */,
			);
			defaultConfigurationIsVisible = 0;
			defaultConfigurationName = Release;
		};
		2EE452EF24BDB9FF0092CC75 /* Build configuration list for PBXNativeTarget "ShiftGateUITests" */ = {
			isa = XCConfigurationList;
			buildConfigurations = (
				2EE452F024BDB9FF0092CC75 /* Debug */,
				2EE452F124BDB9FF0092CC75 /* Release */,
			);
			defaultConfigurationIsVisible = 0;
			defaultConfigurationName = Release;
		};
/* End XCConfigurationList section */

/* Begin XCVersionGroup section */
		2EE452D624BDB9D20092CC75 /* ShiftGate.xcdatamodeld */ = {
			isa = XCVersionGroup;
			children = (
				2EE452D724BDB9D20092CC75 /* ShiftGate.xcdatamodel */,
			);
			currentVersion = 2EE452D724BDB9D20092CC75 /* ShiftGate.xcdatamodel */;
			path = ShiftGate.xcdatamodeld;
			sourceTree = "<group>";
			versionGroupType = wrapper.xcdatamodel;
		};
/* End XCVersionGroup section */
	};
	rootObject = 2EE452C224BDB9D20092CC75 /* Project object */;
}
